
Microsoft Visual Studio Solution File, Format Version 12.00
# Visual Studio 15
VisualStudioVersion = 15.0.28307.572
MinimumVisualStudioVersion = 10.0.40219.1
Project("{FAE04EC0-301F-11D3-BF4B-00C04F79EFBC}") = "App01_ConsultarCEP.Android", "App01_ConsultarCEP\App01_ConsultarCEP.Android\App01_ConsultarCEP.Android.csproj", "{3203D2D7-3445-47B8-808B-CF8CF90C8A39}"
EndProject
Project("{FAE04EC0-301F-11D3-BF4B-00C04F79EFBC}") = "App01_ConsultarCEP.iOS", "App01_ConsultarCEP\App01_ConsultarCEP.iOS\App01_ConsultarCEP.iOS.csproj", "{9D3D69ED-D37C-4699-816B-449260C90F1A}"
EndProject
Project("{FAE04EC0-301F-11D3-BF4B-00C04F79EFBC}") = "App01_ConsultarCEP.UWP", "App01_ConsultarCEP\App01_ConsultarCEP.UWP\App01_ConsultarCEP.UWP.csproj", "{C354E79D-E13B-4CCA-88C3-37676A5F6CD4}"
EndProject
Project("{FAE04EC0-301F-11D3-BF4B-00C04F79EFBC}") = "App01_ConsultarCEP", "App01_ConsultarCEP\App01_ConsultarCEP\App01_ConsultarCEP.csproj", "{6DFBD7A3-BA41-4413-A247-7E00973DAE30}"
EndProject
Global
	GlobalSection(SolutionConfigurationPlatforms) = preSolution
		Ad-Hoc|Any CPU = Ad-Hoc|Any CPU
		Ad-Hoc|ARM = Ad-Hoc|ARM
		Ad-Hoc|iPhone = Ad-Hoc|iPhone
		Ad-Hoc|iPhoneSimulator = Ad-Hoc|iPhoneSimulator
		Ad-Hoc|x64 = Ad-Hoc|x64
		Ad-Hoc|x86 = Ad-Hoc|x86
		AppStore|Any CPU = AppStore|Any CPU
		AppStore|ARM = AppStore|ARM
		AppStore|iPhone = AppStore|iPhone
		AppStore|iPhoneSimulator = AppStore|iPhoneSimulator
		AppStore|x64 = AppStore|x64
		AppStore|x86 = AppStore|x86
		Debug|Any CPU = Debug|Any CPU
		Debug|ARM = Debug|ARM
		Debug|iPhone = Debug|iPhone
		Debug|iPhoneSimulator = Debug|iPhoneSimulator
		Debug|x64 = Debug|x64
		Debug|x86 = Debug|x86
		Release|Any CPU = Release|Any CPU
		Release|ARM = Release|ARM
		Release|iPhone = Release|iPhone
		Release|iPhoneSimulator = Release|iPhoneSimulator
		Release|x64 = Release|x64
		Release|x86 = Release|x86
	EndGlobalSection
	GlobalSection(ProjectConfigurationPlatforms) = postSolution
		{3203D2D7-3445-47B8-808B-CF8CF90C8A39}.Ad-Hoc|Any CPU.ActiveCfg = Release|Any CPU
		{3203D2D7-3445-47B8-808B-CF8CF90C8A39}.Ad-Hoc|Any CPU.Build.0 = Release|Any CPU
		{3203D2D7-3445-47B8-808B-CF8CF90C8A39}.Ad-Hoc|Any CPU.Deploy.0 = Release|Any CPU
		{3203D2D7-3445-47B8-808B-CF8CF90C8A39}.Ad-Hoc|ARM.ActiveCfg = Release|Any CPU
		{3203D2D7-3445-47B8-808B-CF8CF90C8A39}.Ad-Hoc|ARM.Build.0 = Release|Any CPU
		{3203D2D7-3445-47B8-808B-CF8CF90C8A39}.Ad-Hoc|ARM.Deploy.0 = Release|Any CPU
		{3203D2D7-3445-47B8-808B-CF8CF90C8A39}.Ad-Hoc|iPhone.ActiveCfg = Release|Any CPU
		{3203D2D7-3445-47B8-808B-CF8CF90C8A39}.Ad-Hoc|iPhone.Build.0 = Release|Any CPU
		{3203D2D7-3445-47B8-808B-CF8CF90C8A39}.Ad-Hoc|iPhone.Deploy.0 = Release|Any CPU
		{3203D2D7-3445-47B8-808B-CF8CF90C8A39}.Ad-Hoc|iPhoneSimulator.ActiveCfg = Release|Any CPU
		{3203D2D7-3445-47B8-808B-CF8CF90C8A39}.Ad-Hoc|iPhoneSimulator.Build.0 = Release|Any CPU
		{3203D2D7-3445-47B8-808B-CF8CF90C8A39}.Ad-Hoc|iPhoneSimulator.Deploy.0 = Release|Any CPU
		{3203D2D7-3445-47B8-808B-CF8CF90C8A39}.Ad-Hoc|x64.ActiveCfg = Release|Any CPU
		{3203D2D7-3445-47B8-808B-CF8CF90C8A39}.Ad-Hoc|x64.Build.0 = Release|Any CPU
		{3203D2D7-3445-47B8-808B-CF8CF90C8A39}.Ad-Hoc|x64.Deploy.0 = Release|Any CPU
		{3203D2D7-3445-47B8-808B-CF8CF90C8A39}.Ad-Hoc|x86.ActiveCfg = Release|Any CPU
		{3203D2D7-3445-47B8-808B-CF8CF90C8A39}.Ad-Hoc|x86.Build.0 = Release|Any CPU
		{3203D2D7-3445-47B8-808B-CF8CF90C8A39}.Ad-Hoc|x86.Deploy.0 = Release|Any CPU
		{3203D2D7-3445-47B8-808B-CF8CF90C8A39}.AppStore|Any CPU.ActiveCfg = Release|Any CPU
		{3203D2D7-3445-47B8-808B-CF8CF90C8A39}.AppStore|Any CPU.Build.0 = Release|Any CPU
		{3203D2D7-3445-47B8-808B-CF8CF90C8A39}.AppStore|Any CPU.Deploy.0 = Release|Any CPU
		{3203D2D7-3445-47B8-808B-CF8CF90C8A39}.AppStore|ARM.ActiveCfg = Release|Any CPU
		{3203D2D7-3445-47B8-808B-CF8CF90C8A39}.AppStore|ARM.Build.0 = Release|Any CPU
		{3203D2D7-3445-47B8-808B-CF8CF90C8A39}.AppStore|ARM.Deploy.0 = Release|Any CPU
		{3203D2D7-3445-47B8-808B-CF8CF90C8A39}.AppStore|iPhone.ActiveCfg = Release|Any CPU
		{3203D2D7-3445-47B8-808B-CF8CF90C8A39}.AppStore|iPhone.Build.0 = Release|Any CPU
		{3203D2D7-3445-47B8-808B-CF8CF90C8A39}.AppStore|iPhone.Deploy.0 = Release|Any CPU
		{3203D2D7-3445-47B8-808B-CF8CF90C8A39}.AppStore|iPhoneSimulator.ActiveCfg = Release|Any CPU
		{3203D2D7-3445-47B8-808B-CF8CF90C8A39}.AppStore|iPhoneSimulator.Build.0 = Release|Any CPU
		{3203D2D7-3445-47B8-808B-CF8CF90C8A39}.AppStore|iPhoneSimulator.Deploy.0 = Release|Any CPU
		{3203D2D7-3445-47B8-808B-CF8CF90C8A39}.AppStore|x64.ActiveCfg = Release|Any CPU
		{3203D2D7-3445-47B8-808B-CF8CF90C8A39}.AppStore|x64.Build.0 = Release|Any CPU
		{3203D2D7-3445-47B8-808B-CF8CF90C8A39}.AppStore|x64.Deploy.0 = Release|Any CPU
		{3203D2D7-3445-47B8-808B-CF8CF90C8A39}.AppStore|x86.ActiveCfg = Release|Any CPU
		{3203D2D7-3445-47B8-808B-CF8CF90C8A39}.AppStore|x86.Build.0 = Release|Any CPU
		{3203D2D7-3445-47B8-808B-CF8CF90C8A39}.AppStore|x86.Deploy.0 = Release|Any CPU
		{3203D2D7-3445-47B8-808B-CF8CF90C8A39}.Debug|Any CPU.ActiveCfg = Debug|Any CPU
		{3203D2D7-3445-47B8-808B-CF8CF90C8A39}.Debug|Any CPU.Build.0 = Debug|Any CPU
		{3203D2D7-3445-47B8-808B-CF8CF90C8A39}.Debug|Any CPU.Deploy.0 = Debug|Any CPU
		{3203D2D7-3445-47B8-808B-CF8CF90C8A39}.Debug|ARM.ActiveCfg = Debug|Any CPU
		{3203D2D7-3445-47B8-808B-CF8CF90C8A39}.Debug|ARM.Build.0 = Debug|Any CPU
		{3203D2D7-3445-47B8-808B-CF8CF90C8A39}.Debug|ARM.Deploy.0 = Debug|Any CPU
		{3203D2D7-3445-47B8-808B-CF8CF90C8A39}.Debug|iPhone.ActiveCfg = Debug|Any CPU
		{3203D2D7-3445-47B8-808B-CF8CF90C8A39}.Debug|iPhone.Build.0 = Debug|Any CPU
		{3203D2D7-3445-47B8-808B-CF8CF90C8A39}.Debug|iPhone.Deploy.0 = Debug|Any CPU
		{3203D2D7-3445-47B8-808B-CF8CF90C8A39}.Debug|iPhoneSimulator.ActiveCfg = Debug|Any CPU
		{3203D2D7-3445-47B8-808B-CF8CF90C8A39}.Debug|iPhoneSimulator.Build.0 = Debug|Any CPU
		{3203D2D7-3445-47B8-808B-CF8CF90C8A39}.Debug|iPhoneSimulator.Deploy.0 = Debug|Any CPU
		{3203D2D7-3445-47B8-808B-CF8CF90C8A39}.Debug|x64.ActiveCfg = Debug|Any CPU
		{3203D2D7-3445-47B8-808B-CF8CF90C8A39}.Debug|x64.Build.0 = Debug|Any CPU
		{3203D2D7-3445-47B8-808B-CF8CF90C8A39}.Debug|x64.Deploy.0 = Debug|Any CPU
		{3203D2D7-3445-47B8-808B-CF8CF90C8A39}.Debug|x86.ActiveCfg = Debug|Any CPU
		{3203D2D7-3445-47B8-808B-CF8CF90C8A39}.Debug|x86.Build.0 = Debug|Any CPU
		{3203D2D7-3445-47B8-808B-CF8CF90C8A39}.Debug|x86.Deploy.0 = Debug|Any CPU
		{3203D2D7-3445-47B8-808B-CF8CF90C8A39}.Release|Any CPU.ActiveCfg = Release|Any CPU
		{3203D2D7-3445-47B8-808B-CF8CF90C8A39}.Release|Any CPU.Build.0 = Release|Any CPU
		{3203D2D7-3445-47B8-808B-CF8CF90C8A39}.Release|Any CPU.Deploy.0 = Release|Any CPU
		{3203D2D7-3445-47B8-808B-CF8CF90C8A39}.Release|ARM.ActiveCfg = Release|Any CPU
		{3203D2D7-3445-47B8-808B-CF8CF90C8A39}.Release|ARM.Build.0 = Release|Any CPU
		{3203D2D7-3445-47B8-808B-CF8CF90C8A39}.Release|ARM.Deploy.0 = Release|Any CPU
		{3203D2D7-3445-47B8-808B-CF8CF90C8A39}.Release|iPhone.ActiveCfg = Release|Any CPU
		{3203D2D7-3445-47B8-808B-CF8CF90C8A39}.Release|iPhone.Build.0 = Release|Any CPU
		{3203D2D7-3445-47B8-808B-CF8CF90C8A39}.Release|iPhone.Deploy.0 = Release|Any CPU
		{3203D2D7-3445-47B8-808B-CF8CF90C8A39}.Release|iPhoneSimulator.ActiveCfg = Release|Any CPU
		{3203D2D7-3445-47B8-808B-CF8CF90C8A39}.Release|iPhoneSimulator.Build.0 = Release|Any CPU
		{3203D2D7-3445-47B8-808B-CF8CF90C8A39}.Release|iPhoneSimulator.Deploy.0 = Release|Any CPU
		{3203D2D7-3445-47B8-808B-CF8CF90C8A39}.Release|x64.ActiveCfg = Release|Any CPU
		{3203D2D7-3445-47B8-808B-CF8CF90C8A39}.Release|x64.Build.0 = Release|Any CPU
		{3203D2D7-3445-47B8-808B-CF8CF90C8A39}.Release|x64.Deploy.0 = Release|Any CPU
		{3203D2D7-3445-47B8-808B-CF8CF90C8A39}.Release|x86.ActiveCfg = Release|Any CPU
		{3203D2D7-3445-47B8-808B-CF8CF90C8A39}.Release|x86.Build.0 = Release|Any CPU
		{3203D2D7-3445-47B8-808B-CF8CF90C8A39}.Release|x86.Deploy.0 = Release|Any CPU
		{9D3D69ED-D37C-4699-816B-449260C90F1A}.Ad-Hoc|Any CPU.ActiveCfg = Ad-Hoc|iPhone
		{9D3D69ED-D37C-4699-816B-449260C90F1A}.Ad-Hoc|Any CPU.Build.0 = Ad-Hoc|iPhone
		{9D3D69ED-D37C-4699-816B-449260C90F1A}.Ad-Hoc|Any CPU.Deploy.0 = Ad-Hoc|iPhone
		{9D3D69ED-D37C-4699-816B-449260C90F1A}.Ad-Hoc|ARM.ActiveCfg = Ad-Hoc|iPhone
		{9D3D69ED-D37C-4699-816B-449260C90F1A}.Ad-Hoc|ARM.Build.0 = Ad-Hoc|iPhone
		{9D3D69ED-D37C-4699-816B-449260C90F1A}.Ad-Hoc|ARM.Deploy.0 = Ad-Hoc|iPhone
		{9D3D69ED-D37C-4699-816B-449260C90F1A}.Ad-Hoc|iPhone.ActiveCfg = Ad-Hoc|iPhone
		{9D3D69ED-D37C-4699-816B-449260C90F1A}.Ad-Hoc|iPhone.Build.0 = Ad-Hoc|iPhone
		{9D3D69ED-D37C-4699-816B-449260C90F1A}.Ad-Hoc|iPhone.Deploy.0 = Ad-Hoc|iPhone
		{9D3D69ED-D37C-4699-816B-449260C90F1A}.Ad-Hoc|iPhoneSimulator.ActiveCfg = Ad-Hoc|iPhoneSimulator
		{9D3D69ED-D37C-4699-816B-449260C90F1A}.Ad-Hoc|iPhoneSimulator.Build.0 = Ad-Hoc|iPhoneSimulator
		{9D3D69ED-D37C-4699-816B-449260C90F1A}.Ad-Hoc|iPhoneSimulator.Deploy.0 = Ad-Hoc|iPhoneSimulator
		{9D3D69ED-D37C-4699-816B-449260C90F1A}.Ad-Hoc|x64.ActiveCfg = Ad-Hoc|iPhone
		{9D3D69ED-D37C-4699-816B-449260C90F1A}.Ad-Hoc|x64.Build.0 = Ad-Hoc|iPhone
		{9D3D69ED-D37C-4699-816B-449260C90F1A}.Ad-Hoc|x64.Deploy.0 = Ad-Hoc|iPhone
		{9D3D69ED-D37C-4699-816B-449260C90F1A}.Ad-Hoc|x86.ActiveCfg = Ad-Hoc|iPhone
		{9D3D69ED-D37C-4699-816B-449260C90F1A}.Ad-Hoc|x86.Build.0 = Ad-Hoc|iPhone
		{9D3D69ED-D37C-4699-816B-449260C90F1A}.Ad-Hoc|x86.Deploy.0 = Ad-Hoc|iPhone
		{9D3D69ED-D37C-4699-816B-449260C90F1A}.AppStore|Any CPU.ActiveCfg = AppStore|iPhone
		{9D3D69ED-D37C-4699-816B-449260C90F1A}.AppStore|Any CPU.Build.0 = AppStore|iPhone
		{9D3D69ED-D37C-4699-816B-449260C90F1A}.AppStore|Any CPU.Deploy.0 = AppStore|iPhone
		{9D3D69ED-D37C-4699-816B-449260C90F1A}.AppStore|ARM.ActiveCfg = AppStore|iPhone
		{9D3D69ED-D37C-4699-816B-449260C90F1A}.AppStore|ARM.Build.0 = AppStore|iPhone
		{9D3D69ED-D37C-4699-816B-449260C90F1A}.AppStore|ARM.Deploy.0 = AppStore|iPhone
		{9D3D69ED-D37C-4699-816B-449260C90F1A}.AppStore|iPhone.ActiveCfg = AppStore|iPhone
		{9D3D69ED-D37C-4699-816B-449260C90F1A}.AppStore|iPhone.Build.0 = AppStore|iPhone
		{9D3D69ED-D37C-4699-816B-449260C90F1A}.AppStore|iPhone.Deploy.0 = AppStore|iPhone
		{9D3D69ED-D37C-4699-816B-449260C90F1A}.AppStore|iPhoneSimulator.ActiveCfg = AppStore|iPhoneSimulator
		{9D3D69ED-D37C-4699-816B-449260C90F1A}.AppStore|iPhoneSimulator.Build.0 = AppStore|iPhoneSimulator
		{9D3D69ED-D37C-4699-816B-449260C90F1A}.AppStore|iPhoneSimulator.Deploy.0 = AppStore|iPhoneSimulator
		{9D3D69ED-D37C-4699-816B-449260C90F1A}.AppStore|x64.ActiveCfg = AppStore|iPhone
		{9D3D69ED-D37C-4699-816B-449260C90F1A}.AppStore|x64.Build.0 = AppStore|iPhone
		{9D3D69ED-D37C-4699-816B-449260C90F1A}.AppStore|x64.Deploy.0 = AppStore|iPhone
		{9D3D69ED-D37C-4699-816B-449260C90F1A}.AppStore|x86.ActiveCfg = AppStore|iPhone
		{9D3D69ED-D37C-4699-816B-449260C90F1A}.AppStore|x86.Build.0 = AppStore|iPhone
		{9D3D69ED-D37C-4699-816B-449260C90F1A}.AppStore|x86.Deploy.0 = AppStore|iPhone
		{9D3D69ED-D37C-4699-816B-449260C90F1A}.Debug|Any CPU.ActiveCfg = Debug|iPhoneSimulator
		{9D3D69ED-D37C-4699-816B-449260C90F1A}.Debug|Any CPU.Build.0 = Debug|iPhoneSimulator
		{9D3D69ED-D37C-4699-816B-449260C90F1A}.Debug|Any CPU.Deploy.0 = Debug|iPhoneSimulator
		{9D3D69ED-D37C-4699-816B-449260C90F1A}.Debug|ARM.ActiveCfg = Debug|iPhone
		{9D3D69ED-D37C-4699-816B-449260C90F1A}.Debug|ARM.Build.0 = Debug|iPhone
		{9D3D69ED-D37C-4699-816B-449260C90F1A}.Debug|ARM.Deploy.0 = Debug|iPhone
		{9D3D69ED-D37C-4699-816B-449260C90F1A}.Debug|iPhone.ActiveCfg = Debug|iPhone
		{9D3D69ED-D37C-4699-816B-449260C90F1A}.Debug|iPhone.Build.0 = Debug|iPhone
		{9D3D69ED-D37C-4699-816B-449260C90F1A}.Debug|iPhone.Deploy.0 = Debug|iPhone
		{9D3D69ED-D37C-4699-816B-449260C90F1A}.Debug|iPhoneSimulator.ActiveCfg = Debug|iPhoneSimulator
		{9D3D69ED-D37C-4699-816B-449260C90F1A}.Debug|iPhoneSimulator.Build.0 = Debug|iPhoneSimulator
		{9D3D69ED-D37C-4699-816B-449260C90F1A}.Debug|iPhoneSimulator.Deploy.0 = Debug|iPhoneSimulator
		{9D3D69ED-D37C-4699-816B-449260C90F1A}.Debug|x64.ActiveCfg = Debug|iPhone
		{9D3D69ED-D37C-4699-816B-449260C90F1A}.Debug|x64.Build.0 = Debug|iPhone
		{9D3D69ED-D37C-4699-816B-449260C90F1A}.Debug|x64.Deploy.0 = Debug|iPhone
		{9D3D69ED-D37C-4699-816B-449260C90F1A}.Debug|x86.ActiveCfg = Debug|iPhone
		{9D3D69ED-D37C-4699-816B-449260C90F1A}.Debug|x86.Build.0 = Debug|iPhone
		{9D3D69ED-D37C-4699-816B-449260C90F1A}.Debug|x86.Deploy.0 = Debug|iPhone
		{9D3D69ED-D37C-4699-816B-449260C90F1A}.Release|Any CPU.ActiveCfg = Release|iPhone
		{9D3D69ED-D37C-4699-816B-449260C90F1A}.Release|Any CPU.Build.0 = Release|iPhone
		{9D3D69ED-D37C-4699-816B-449260C90F1A}.Release|Any CPU.Deploy.0 = Release|iPhone
		{9D3D69ED-D37C-4699-816B-449260C90F1A}.Release|ARM.ActiveCfg = Release|iPhone
		{9D3D69ED-D37C-4699-816B-449260C90F1A}.Release|ARM.Build.0 = Release|iPhone
		{9D3D69ED-D37C-4699-816B-449260C90F1A}.Release|ARM.Deploy.0 = Release|iPhone
		{9D3D69ED-D37C-4699-816B-449260C90F1A}.Release|iPhone.ActiveCfg = Release|iPhone
		{9D3D69ED-D37C-4699-816B-449260C90F1A}.Release|iPhone.Build.0 = Release|iPhone
		{9D3D69ED-D37C-4699-816B-449260C90F1A}.Release|iPhone.Deploy.0 = Release|iPhone
		{9D3D69ED-D37C-4699-816B-449260C90F1A}.Release|iPhoneSimulator.ActiveCfg = Release|iPhoneSimulator
		{9D3D69ED-D37C-4699-816B-449260C90F1A}.Release|iPhoneSimulator.Build.0 = Release|iPhoneSimulator
		{9D3D69ED-D37C-4699-816B-449260C90F1A}.Release|iPhoneSimulator.Deploy.0 = Release|iPhoneSimulator
		{9D3D69ED-D37C-4699-816B-449260C90F1A}.Release|x64.ActiveCfg = Release|iPhone
		{9D3D69ED-D37C-4699-816B-449260C90F1A}.Release|x64.Build.0 = Release|iPhone
		{9D3D69ED-D37C-4699-816B-449260C90F1A}.Release|x64.Deploy.0 = Release|iPhone
		{9D3D69ED-D37C-4699-816B-449260C90F1A}.Release|x86.ActiveCfg = Release|iPhone
		{9D3D69ED-D37C-4699-816B-449260C90F1A}.Release|x86.Build.0 = Release|iPhone
		{9D3D69ED-D37C-4699-816B-449260C90F1A}.Release|x86.Deploy.0 = Release|iPhone
		{C354E79D-E13B-4CCA-88C3-37676A5F6CD4}.Ad-Hoc|Any CPU.ActiveCfg = Release|x86
		{C354E79D-E13B-4CCA-88C3-37676A5F6CD4}.Ad-Hoc|Any CPU.Build.0 = Release|x86
		{C354E79D-E13B-4CCA-88C3-37676A5F6CD4}.Ad-Hoc|Any CPU.Deploy.0 = Release|x86
		{C354E79D-E13B-4CCA-88C3-37676A5F6CD4}.Ad-Hoc|ARM.ActiveCfg = Release|ARM
		{C354E79D-E13B-4CCA-88C3-37676A5F6CD4}.Ad-Hoc|ARM.Build.0 = Release|ARM
		{C354E79D-E13B-4CCA-88C3-37676A5F6CD4}.Ad-Hoc|ARM.Deploy.0 = Release|ARM
		{C354E79D-E13B-4CCA-88C3-37676A5F6CD4}.Ad-Hoc|iPhone.ActiveCfg = Release|x86
		{C354E79D-E13B-4CCA-88C3-37676A5F6CD4}.Ad-Hoc|iPhone.Build.0 = Release|x86
		{C354E79D-E13B-4CCA-88C3-37676A5F6CD4}.Ad-Hoc|iPhone.Deploy.0 = Release|x86
		{C354E79D-E13B-4CCA-88C3-37676A5F6CD4}.Ad-Hoc|iPhoneSimulator.ActiveCfg = Release|x86
		{C354E79D-E13B-4CCA-88C3-37676A5F6CD4}.Ad-Hoc|iPhoneSimulator.Build.0 = Release|x86
		{C354E79D-E13B-4CCA-88C3-37676A5F6CD4}.Ad-Hoc|iPhoneSimulator.Deploy.0 = Release|x86
		{C354E79D-E13B-4CCA-88C3-37676A5F6CD4}.Ad-Hoc|x64.ActiveCfg = Release|x64
		{C354E79D-E13B-4CCA-88C3-37676A5F6CD4}.Ad-Hoc|x64.Build.0 = Release|x64
		{C354E79D-E13B-4CCA-88C3-37676A5F6CD4}.Ad-Hoc|x64.Deploy.0 = Release|x64
		{C354E79D-E13B-4CCA-88C3-37676A5F6CD4}.Ad-Hoc|x86.ActiveCfg = Release|x86
		{C354E79D-E13B-4CCA-88C3-37676A5F6CD4}.Ad-Hoc|x86.Build.0 = Release|x86
		{C354E79D-E13B-4CCA-88C3-37676A5F6CD4}.Ad-Hoc|x86.Deploy.0 = Release|x86
		{C354E79D-E13B-4CCA-88C3-37676A5F6CD4}.AppStore|Any CPU.ActiveCfg = Release|x86
		{C354E79D-E13B-4CCA-88C3-37676A5F6CD4}.AppStore|Any CPU.Build.0 = Release|x86
		{C354E79D-E13B-4CCA-88C3-37676A5F6CD4}.AppStore|Any CPU.Deploy.0 = Release|x86
		{C354E79D-E13B-4CCA-88C3-37676A5F6CD4}.AppStore|ARM.ActiveCfg = Release|ARM
		{C354E79D-E13B-4CCA-88C3-37676A5F6CD4}.AppStore|ARM.Build.0 = Release|ARM
		{C354E79D-E13B-4CCA-88C3-37676A5F6CD4}.AppStore|ARM.Deploy.0 = Release|ARM
		{C354E79D-E13B-4CCA-88C3-37676A5F6CD4}.AppStore|iPhone.ActiveCfg = Release|x86
		{C354E79D-E13B-4CCA-88C3-37676A5F6CD4}.AppStore|iPhone.Build.0 = Release|x86
		{C354E79D-E13B-4CCA-88C3-37676A5F6CD4}.AppStore|iPhone.Deploy.0 = Release|x86
		{C354E79D-E13B-4CCA-88C3-37676A5F6CD4}.AppStore|iPhoneSimulator.ActiveCfg = Release|x86
		{C354E79D-E13B-4CCA-88C3-37676A5F6CD4}.AppStore|iPhoneSimulator.Build.0 = Release|x86
		{C354E79D-E13B-4CCA-88C3-37676A5F6CD4}.AppStore|iPhoneSimulator.Deploy.0 = Release|x86
		{C354E79D-E13B-4CCA-88C3-37676A5F6CD4}.AppStore|x64.ActiveCfg = Release|x64
		{C354E79D-E13B-4CCA-88C3-37676A5F6CD4}.AppStore|x64.Build.0 = Release|x64
		{C354E79D-E13B-4CCA-88C3-37676A5F6CD4}.AppStore|x64.Deploy.0 = Release|x64
		{C354E79D-E13B-4CCA-88C3-37676A5F6CD4}.AppStore|x86.ActiveCfg = Release|x86
		{C354E79D-E13B-4CCA-88C3-37676A5F6CD4}.AppStore|x86.Build.0 = Release|x86
		{C354E79D-E13B-4CCA-88C3-37676A5F6CD4}.AppStore|x86.Deploy.0 = Release|x86
		{C354E79D-E13B-4CCA-88C3-37676A5F6CD4}.Debug|Any CPU.ActiveCfg = Debug|x86
		{C354E79D-E13B-4CCA-88C3-37676A5F6CD4}.Debug|Any CPU.Build.0 = Debug|x86
		{C354E79D-E13B-4CCA-88C3-37676A5F6CD4}.Debug|Any CPU.Deploy.0 = Debug|x86
		{C354E79D-E13B-4CCA-88C3-37676A5F6CD4}.Debug|ARM.ActiveCfg = Debug|ARM
		{C354E79D-E13B-4CCA-88C3-37676A5F6CD4}.Debug|ARM.Build.0 = Debug|ARM
		{C354E79D-E13B-4CCA-88C3-37676A5F6CD4}.Debug|ARM.Deploy.0 = Debug|ARM
		{C354E79D-E13B-4CCA-88C3-37676A5F6CD4}.Debug|iPhone.ActiveCfg = Debug|x86
		{C354E79D-E13B-4CCA-88C3-37676A5F6CD4}.Debug|iPhone.Build.0 = Debug|x86
		{C354E79D-E13B-4CCA-88C3-37676A5F6CD4}.Debug|iPhone.Deploy.0 = Debug|x86
		{C354E79D-E13B-4CCA-88C3-37676A5F6CD4}.Debug|iPhoneSimulator.ActiveCfg = Debug|x86
		{C354E79D-E13B-4CCA-88C3-37676A5F6CD4}.Debug|iPhoneSimulator.Build.0 = Debug|x86
		{C354E79D-E13B-4CCA-88C3-37676A5F6CD4}.Debug|iPhoneSimulator.Deploy.0 = Debug|x86
		{C354E79D-E13B-4CCA-88C3-37676A5F6CD4}.Debug|x64.ActiveCfg = Debug|x64
		{C354E79D-E13B-4CCA-88C3-37676A5F6CD4}.Debug|x64.Build.0 = Debug|x64
		{C354E79D-E13B-4CCA-88C3-37676A5F6CD4}.Debug|x64.Deploy.0 = Debug|x64
		{C354E79D-E13B-4CCA-88C3-37676A5F6CD4}.Debug|x86.ActiveCfg = Debug|x86
		{C354E79D-E13B-4CCA-88C3-37676A5F6CD4}.Debug|x86.Build.0 = Debug|x86
		{C354E79D-E13B-4CCA-88C3-37676A5F6CD4}.Debug|x86.Deploy.0 = Debug|x86
		{C354E79D-E13B-4CCA-88C3-37676A5F6CD4}.Release|Any CPU.ActiveCfg = Release|x86
		{C354E79D-E13B-4CCA-88C3-37676A5F6CD4}.Release|Any CPU.Build.0 = Release|x86
		{C354E79D-E13B-4CCA-88C3-37676A5F6CD4}.Release|Any CPU.Deploy.0 = Release|x86
		{C354E79D-E13B-4CCA-88C3-37676A5F6CD4}.Release|ARM.ActiveCfg = Release|ARM
		{C354E79D-E13B-4CCA-88C3-37676A5F6CD4}.Release|ARM.Build.0 = Release|ARM
		{C354E79D-E13B-4CCA-88C3-37676A5F6CD4}.Release|ARM.Deploy.0 = Release|ARM
		{C354E79D-E13B-4CCA-88C3-37676A5F6CD4}.Release|iPhone.ActiveCfg = Release|x86
		{C354E79D-E13B-4CCA-88C3-37676A5F6CD4}.Release|iPhone.Build.0 = Release|x86
		{C354E79D-E13B-4CCA-88C3-37676A5F6CD4}.Release|iPhone.Deploy.0 = Release|x86
		{C354E79D-E13B-4CCA-88C3-37676A5F6CD4}.Release|iPhoneSimulator.ActiveCfg = Release|x86
		{C354E79D-E13B-4CCA-88C3-37676A5F6CD4}.Release|iPhoneSimulator.Build.0 = Release|x86
		{C354E79D-E13B-4CCA-88C3-37676A5F6CD4}.Release|iPhoneSimulator.Deploy.0 = Release|x86
		{C354E79D-E13B-4CCA-88C3-37676A5F6CD4}.Release|x64.ActiveCfg = Release|x64
		{C354E79D-E13B-4CCA-88C3-37676A5F6CD4}.Release|x64.Build.0 = Release|x64
		{C354E79D-E13B-4CCA-88C3-37676A5F6CD4}.Release|x64.Deploy.0 = Release|x64
		{C354E79D-E13B-4CCA-88C3-37676A5F6CD4}.Release|x86.ActiveCfg = Release|x86
		{C354E79D-E13B-4CCA-88C3-37676A5F6CD4}.Release|x86.Build.0 = Release|x86
		{C354E79D-E13B-4CCA-88C3-37676A5F6CD4}.Release|x86.Deploy.0 = Release|x86
		{6DFBD7A3-BA41-4413-A247-7E00973DAE30}.Ad-Hoc|Any CPU.ActiveCfg = Debug|Any CPU
		{6DFBD7A3-BA41-4413-A247-7E00973DAE30}.Ad-Hoc|Any CPU.Build.0 = Debug|Any CPU
		{6DFBD7A3-BA41-4413-A247-7E00973DAE30}.Ad-Hoc|Any CPU.Deploy.0 = Debug|Any CPU
		{6DFBD7A3-BA41-4413-A247-7E00973DAE30}.Ad-Hoc|ARM.ActiveCfg = Debug|Any CPU
		{6DFBD7A3-BA41-4413-A247-7E00973DAE30}.Ad-Hoc|ARM.Build.0 = Debug|Any CPU
		{6DFBD7A3-BA41-4413-A247-7E00973DAE30}.Ad-Hoc|ARM.Deploy.0 = Debug|Any CPU
		{6DFBD7A3-BA41-4413-A247-7E00973DAE30}.Ad-Hoc|iPhone.ActiveCfg = Debug|Any CPU
		{6DFBD7A3-BA41-4413-A247-7E00973DAE30}.Ad-Hoc|iPhone.Build.0 = Debug|Any CPU
		{6DFBD7A3-BA41-4413-A247-7E00973DAE30}.Ad-Hoc|iPhone.Deploy.0 = Debug|Any CPU
		{6DFBD7A3-BA41-4413-A247-7E00973DAE30}.Ad-Hoc|iPhoneSimulator.ActiveCfg = Debug|Any CPU
		{6DFBD7A3-BA41-4413-A247-7E00973DAE30}.Ad-Hoc|iPhoneSimulator.Build.0 = Debug|Any CPU
		{6DFBD7A3-BA41-4413-A247-7E00973DAE30}.Ad-Hoc|iPhoneSimulator.Deploy.0 = Debug|Any CPU
		{6DFBD7A3-BA41-4413-A247-7E00973DAE30}.Ad-Hoc|x64.ActiveCfg = Debug|Any CPU
		{6DFBD7A3-BA41-4413-A247-7E00973DAE30}.Ad-Hoc|x64.Build.0 = Debug|Any CPU
		{6DFBD7A3-BA41-4413-A247-7E00973DAE30}.Ad-Hoc|x64.Deploy.0 = Debug|Any CPU
		{6DFBD7A3-BA41-4413-A247-7E00973DAE30}.Ad-Hoc|x86.ActiveCfg = Debug|Any CPU
		{6DFBD7A3-BA41-4413-A247-7E00973DAE30}.Ad-Hoc|x86.Build.0 = Debug|Any CPU
		{6DFBD7A3-BA41-4413-A247-7E00973DAE30}.Ad-Hoc|x86.Deploy.0 = Debug|Any CPU
		{6DFBD7A3-BA41-4413-A247-7E00973DAE30}.AppStore|Any CPU.ActiveCfg = Debug|Any CPU
		{6DFBD7A3-BA41-4413-A247-7E00973DAE30}.AppStore|Any CPU.Build.0 = Debug|Any CPU
		{6DFBD7A3-BA41-4413-A247-7E00973DAE30}.AppStore|Any CPU.Deploy.0 = Debug|Any CPU
		{6DFBD7A3-BA41-4413-A247-7E00973DAE30}.AppStore|ARM.ActiveCfg = Debug|Any CPU
		{6DFBD7A3-BA41-4413-A247-7E00973DAE30}.AppStore|ARM.Build.0 = Debug|Any CPU
		{6DFBD7A3-BA41-4413-A247-7E00973DAE30}.AppStore|ARM.Deploy.0 = Debug|Any CPU
		{6DFBD7A3-BA41-4413-A247-7E00973DAE30}.AppStore|iPhone.ActiveCfg = Debug|Any CPU
		{6DFBD7A3-BA41-4413-A247-7E00973DAE30}.AppStore|iPhone.Build.0 = Debug|Any CPU
		{6DFBD7A3-BA41-4413-A247-7E00973DAE30}.AppStore|iPhone.Deploy.0 = Debug|Any CPU
		{6DFBD7A3-BA41-4413-A247-7E00973DAE30}.AppStore|iPhoneSimulator.ActiveCfg = Debug|Any CPU
		{6DFBD7A3-BA41-4413-A247-7E00973DAE30}.AppStore|iPhoneSimulator.Build.0 = Debug|Any CPU
		{6DFBD7A3-BA41-4413-A247-7E00973DAE30}.AppStore|iPhoneSimulator.Deploy.0 = Debug|Any CPU
		{6DFBD7A3-BA41-4413-A247-7E00973DAE30}.AppStore|x64.ActiveCfg = Debug|Any CPU
		{6DFBD7A3-BA41-4413-A247-7E00973DAE30}.AppStore|x64.Build.0 = Debug|Any CPU
		{6DFBD7A3-BA41-4413-A247-7E00973DAE30}.AppStore|x64.Deploy.0 = Debug|Any CPU
		{6DFBD7A3-BA41-4413-A247-7E00973DAE30}.AppStore|x86.ActiveCfg = Debug|Any CPU
		{6DFBD7A3-BA41-4413-A247-7E00973DAE30}.AppStore|x86.Build.0 = Debug|Any CPU
		{6DFBD7A3-BA41-4413-A247-7E00973DAE30}.AppStore|x86.Deploy.0 = Debug|Any CPU
		{6DFBD7A3-BA41-4413-A247-7E00973DAE30}.Debug|Any CPU.ActiveCfg = Debug|Any CPU
		{6DFBD7A3-BA41-4413-A247-7E00973DAE30}.Debug|Any CPU.Build.0 = Debug|Any CPU
		{6DFBD7A3-BA41-4413-A247-7E00973DAE30}.Debug|Any CPU.Deploy.0 = Debug|Any CPU
		{6DFBD7A3-BA41-4413-A247-7E00973DAE30}.Debug|ARM.ActiveCfg = Debug|Any CPU
		{6DFBD7A3-BA41-4413-A247-7E00973DAE30}.Debug|ARM.Build.0 = Debug|Any CPU
		{6DFBD7A3-BA41-4413-A247-7E00973DAE30}.Debug|ARM.Deploy.0 = Debug|Any CPU
		{6DFBD7A3-BA41-4413-A247-7E00973DAE30}.Debug|iPhone.ActiveCfg = Debug|Any CPU
		{6DFBD7A3-BA41-4413-A247-7E00973DAE30}.Debug|iPhone.Build.0 = Debug|Any CPU
		{6DFBD7A3-BA41-4413-A247-7E00973DAE30}.Debug|iPhone.Deploy.0 = Debug|Any CPU
		{6DFBD7A3-BA41-4413-A247-7E00973DAE30}.Debug|iPhoneSimulator.ActiveCfg = Debug|Any CPU
		{6DFBD7A3-BA41-4413-A247-7E00973DAE30}.Debug|iPhoneSimulator.Build.0 = Debug|Any CPU
		{6DFBD7A3-BA41-4413-A247-7E00973DAE30}.Debug|iPhoneSimulator.Deploy.0 = Debug|Any CPU
		{6DFBD7A3-BA41-4413-A247-7E00973DAE30}.Debug|x64.ActiveCfg = Debug|Any CPU
		{6DFBD7A3-BA41-4413-A247-7E00973DAE30}.Debug|x64.Build.0 = Debug|Any CPU
		{6DFBD7A3-BA41-4413-A247-7E00973DAE30}.Debug|x64.Deploy.0 = Debug|Any CPU
		{6DFBD7A3-BA41-4413-A247-7E00973DAE30}.Debug|x86.ActiveCfg = Debug|Any CPU
		{6DFBD7A3-BA41-4413-A247-7E00973DAE30}.Debug|x86.Build.0 = Debug|Any CPU
		{6DFBD7A3-BA41-4413-A247-7E00973DAE30}.Debug|x86.Deploy.0 = Debug|Any CPU
		{6DFBD7A3-BA41-4413-A247-7E00973DAE30}.Release|Any CPU.ActiveCfg = Release|Any CPU
		{6DFBD7A3-BA41-4413-A247-7E00973DAE30}.Release|Any CPU.Build.0 = Release|Any CPU
		{6DFBD7A3-BA41-4413-A247-7E00973DAE30}.Release|Any CPU.Deploy.0 = Release|Any CPU
		{6DFBD7A3-BA41-4413-A247-7E00973DAE30}.Release|ARM.ActiveCfg = Release|Any CPU
		{6DFBD7A3-BA41-4413-A247-7E00973DAE30}.Release|ARM.Build.0 = Release|Any CPU
		{6DFBD7A3-BA41-4413-A247-7E00973DAE30}.Release|ARM.Deploy.0 = Release|Any CPU
		{6DFBD7A3-BA41-4413-A247-7E00973DAE30}.Release|iPhone.ActiveCfg = Release|Any CPU
		{6DFBD7A3-BA41-4413-A247-7E00973DAE30}.Release|iPhone.Build.0 = Release|Any CPU
		{6DFBD7A3-BA41-4413-A247-7E00973DAE30}.Release|iPhone.Deploy.0 = Release|Any CPU
		{6DFBD7A3-BA41-4413-A247-7E00973DAE30}.Release|iPhoneSimulator.ActiveCfg = Release|Any CPU
		{6DFBD7A3-BA41-4413-A247-7E00973DAE30}.Release|iPhoneSimulator.Build.0 = Release|Any CPU
		{6DFBD7A3-BA41-4413-A247-7E00973DAE30}.Release|iPhoneSimulator.Deploy.0 = Release|Any CPU
		{6DFBD7A3-BA41-4413-A247-7E00973DAE30}.Release|x64.ActiveCfg = Release|Any CPU
		{6DFBD7A3-BA41-4413-A247-7E00973DAE30}.Release|x64.Build.0 = Release|Any CPU
		{6DFBD7A3-BA41-4413-A247-7E00973DAE30}.Release|x64.Deploy.0 = Release|Any CPU
		{6DFBD7A3-BA41-4413-A247-7E00973DAE30}.Release|x86.ActiveCfg = Release|Any CPU
		{6DFBD7A3-BA41-4413-A247-7E00973DAE30}.Release|x86.Build.0 = Release|Any CPU
		{6DFBD7A3-BA41-4413-A247-7E00973DAE30}.Release|x86.Deploy.0 = Release|Any CPU
	EndGlobalSection
	GlobalSection(SolutionProperties) = preSolution
		HideSolutionNode = FALSE
	EndGlobalSection
	GlobalSection(ExtensibilityGlobals) = postSolution
		SolutionGuid = {89AFB553-06AB-4A05-86AE-314839147315}
	EndGlobalSection
EndGlobal
